
Microsoft Visual Studio Solution File, Format Version 12.00
# Visual Studio Version 16
VisualStudioVersion = 16.0.31624.102
MinimumVisualStudioVersion = 10.0.40219.1
Project("{FAE04EC0-301F-11D3-BF4B-00C04F79EFBC}") = "FichaAcademia", "FichaAcademia\FichaAcademia.csproj", "{445B060F-9D70-4F09-B197-4BC332D80E3F}"
EndProject
Project("{FAE04EC0-301F-11D3-BF4B-00C04F79EFBC}") = "FichaAcademia.Dominio", "FichaAcademia.Dominio\FichaAcademia.Dominio.csproj", "{DFE7557F-9792-4AB9-A562-97E16B2088F0}"
EndProject
Project("{FAE04EC0-301F-11D3-BF4B-00C04F79EFBC}") = "FichaAcademia.AcessoDados", "FichaAcademia.AcessoDados\FichaAcademia.AcessoDados.csproj", "{94B33324-47DB-4F55-AD3E-702421BBD72C}"
EndProject
Global
	GlobalSection(SolutionConfigurationPlatforms) = preSolution
		Debug|Any CPU = Debug|Any CPU
		Release|Any CPU = Release|Any CPU
	EndGlobalSection
	GlobalSection(ProjectConfigurationPlatforms) = postSolution
		{445B060F-9D70-4F09-B197-4BC332D80E3F}.Debug|Any CPU.ActiveCfg = Debug|Any CPU
		{445B060F-9D70-4F09-B197-4BC332D80E3F}.Debug|Any CPU.Build.0 = Debug|Any CPU
		{445B060F-9D70-4F09-B197-4BC332D80E3F}.Release|Any CPU.ActiveCfg = Release|Any CPU
		{445B060F-9D70-4F09-B197-4BC332D80E3F}.Release|Any CPU.Build.0 = Release|Any CPU
		{DFE7557F-9792-4AB9-A562-97E16B2088F0}.Debug|Any CPU.ActiveCfg = Debug|Any CPU
		{DFE7557F-9792-4AB9-A562-97E16B2088F0}.Debug|Any CPU.Build.0 = Debug|Any CPU
		{DFE7557F-9792-4AB9-A562-97E16B2088F0}.Release|Any CPU.ActiveCfg = Release|Any CPU
		{DFE7557F-9792-4AB9-A562-97E16B2088F0}.Release|Any CPU.Build.0 = Release|Any CPU
		{94B33324-47DB-4F55-AD3E-702421BBD72C}.Debug|Any CPU.ActiveCfg = Debug|Any CPU
		{94B33324-47DB-4F55-AD3E-702421BBD72C}.Debug|Any CPU.Build.0 = Debug|Any CPU
		{94B33324-47DB-4F55-AD3E-702421BBD72C}.Release|Any CPU.ActiveCfg = Release|Any CPU
		{94B33324-47DB-4F55-AD3E-702421BBD72C}.Release|Any CPU.Build.0 = Release|Any CPU
	EndGlobalSection
	GlobalSection(SolutionProperties) = preSolution
		HideSolutionNode = FALSE
	EndGlobalSection
	GlobalSection(ExtensibilityGlobals) = postSolution
		SolutionGuid = {B0F5B857-5EEE-43C5-89B0-1B831161B722}
	EndGlobalSection
EndGlobal
